Microsoft Visual Studio Solution File, Format Version 11.00
# Visual Studio 2008

Project("{7C1C175C-0896-D25B-4CC9-9DA2CEA0B772}") = "Testavskog", "Assembly-CSharp.csproj", "{1995290A-1597-15F3-88BC-E0A761D5B450}"
EndProject
Project("{7C1C175C-0896-D25B-4CC9-9DA2CEA0B772}") = "Testavskog", "Assembly-UnityScript.unityproj", "{89437D65-96BC-A09D-A036-15990C428369}"
EndProject
Global
	GlobalSection(SolutionConfigurationPlatforms) = preSolution
		Debug|Any CPU = Debug|Any CPU
		Release|Any CPU = Release|Any CPU
	EndGlobalSection
	GlobalSection(ProjectConfigurationPlatforms) = postSolution
		{1995290A-1597-15F3-88BC-E0A761D5B450}.Debug|Any CPU.ActiveCfg = Debug|Any CPU
		{1995290A-1597-15F3-88BC-E0A761D5B450}.Debug|Any CPU.Build.0 = Debug|Any CPU
		{1995290A-1597-15F3-88BC-E0A761D5B450}.Release|Any CPU.ActiveCfg = Release|Any CPU
		{1995290A-1597-15F3-88BC-E0A761D5B450}.Release|Any CPU.Build.0 = Release|Any CPU
		{89437D65-96BC-A09D-A036-15990C428369}.Debug|Any CPU.ActiveCfg = Debug|Any CPU
		{89437D65-96BC-A09D-A036-15990C428369}.Debug|Any CPU.Build.0 = Debug|Any CPU
		{89437D65-96BC-A09D-A036-15990C428369}.Release|Any CPU.ActiveCfg = Release|Any CPU
		{89437D65-96BC-A09D-A036-15990C428369}.Release|Any CPU.Build.0 = Release|Any CPU
	EndGlobalSection
	GlobalSection(SolutionProperties) = preSolution
		HideSolutionNode = FALSE
	EndGlobalSection
										GlobalSection(MonoDevelopProperties) = preSolution
		StartupItem = Assembly-CSharp.csproj
		Policies = $0
		$0.TextStylePolicy = $1
		$1.inheritsSet = null
		$1.scope = text/x-csharp
		$0.CSharpFormattingPolicy = $2
		$2.inheritsSet = Mono
		$2.inheritsScope = text/x-csharp
		$2.scope = text/x-csharp
		$0.TextStylePolicy = $3
		$3.FileWidth = 120
		$3.TabWidth = 4
		$3.IndentWidth = 4
		$3.EolMarker = Unix
		$3.inheritsSet = Mono
		$3.inheritsScope = text/plain
		$3.scope = text/plain
	EndGlobalSection

EndGlobal
